
Microsoft Visual Studio Solution File, Format Version 12.00
# Visual Studio 2013
VisualStudioVersion = 12.0.31101.0
MinimumVisualStudioVersion = 10.0.40219.1
Project("{FAE04EC0-301F-11D3-BF4B-00C04F79EFBC}") = "Pet2Share_API", "Pet2Share_API\Pet2Share_API.csproj", "{E829E94E-79AC-4A97-877E-DA2A3701E06F}"
EndProject
Project("{FAE04EC0-301F-11D3-BF4B-00C04F79EFBC}") = "Pet2Share_Service", "Pet2Share_Service\Pet2Share_Service.csproj", "{32BC8A7E-4B66-404C-961C-A07E69302FFC}"
EndProject
Project("{FAE04EC0-301F-11D3-BF4B-00C04F79EFBC}") = "API_UnitTest", "API_UnitTest\API_UnitTest.csproj", "{F8D27CAC-0CC7-4ED6-BED9-B9E6FBF32059}"
EndProject
Project("{FAE04EC0-301F-11D3-BF4B-00C04F79EFBC}") = "ConsoleTester", "ConsoleTester\ConsoleTester.csproj", "{05D0B829-E3CE-4B11-97B2-FD6A2E5B78F2}"
EndProject
Global
	GlobalSection(SolutionConfigurationPlatforms) = preSolution
		Debug|Any CPU = Debug|Any CPU
		Release|Any CPU = Release|Any CPU
	EndGlobalSection
	GlobalSection(ProjectConfigurationPlatforms) = postSolution
		{E829E94E-79AC-4A97-877E-DA2A3701E06F}.Debug|Any CPU.ActiveCfg = Debug|Any CPU
		{E829E94E-79AC-4A97-877E-DA2A3701E06F}.Debug|Any CPU.Build.0 = Debug|Any CPU
		{E829E94E-79AC-4A97-877E-DA2A3701E06F}.Release|Any CPU.ActiveCfg = Release|Any CPU
		{E829E94E-79AC-4A97-877E-DA2A3701E06F}.Release|Any CPU.Build.0 = Release|Any CPU
		{32BC8A7E-4B66-404C-961C-A07E69302FFC}.Debug|Any CPU.ActiveCfg = Debug|Any CPU
		{32BC8A7E-4B66-404C-961C-A07E69302FFC}.Debug|Any CPU.Build.0 = Debug|Any CPU
		{32BC8A7E-4B66-404C-961C-A07E69302FFC}.Release|Any CPU.ActiveCfg = Release|Any CPU
		{32BC8A7E-4B66-404C-961C-A07E69302FFC}.Release|Any CPU.Build.0 = Release|Any CPU
		{F8D27CAC-0CC7-4ED6-BED9-B9E6FBF32059}.Debug|Any CPU.ActiveCfg = Debug|Any CPU
		{F8D27CAC-0CC7-4ED6-BED9-B9E6FBF32059}.Debug|Any CPU.Build.0 = Debug|Any CPU
		{F8D27CAC-0CC7-4ED6-BED9-B9E6FBF32059}.Release|Any CPU.ActiveCfg = Release|Any CPU
		{F8D27CAC-0CC7-4ED6-BED9-B9E6FBF32059}.Release|Any CPU.Build.0 = Release|Any CPU
		{05D0B829-E3CE-4B11-97B2-FD6A2E5B78F2}.Debug|Any CPU.ActiveCfg = Debug|Any CPU
		{05D0B829-E3CE-4B11-97B2-FD6A2E5B78F2}.Debug|Any CPU.Build.0 = Debug|Any CPU
		{05D0B829-E3CE-4B11-97B2-FD6A2E5B78F2}.Release|Any CPU.ActiveCfg = Release|Any CPU
		{05D0B829-E3CE-4B11-97B2-FD6A2E5B78F2}.Release|Any CPU.Build.0 = Release|Any CPU
	EndGlobalSection
	GlobalSection(SolutionProperties) = preSolution
		HideSolutionNode = FALSE
	EndGlobalSection
EndGlobal
